
Microsoft Visual Studio Solution File, Format Version 12.00
# Visual Studio 15
Project("{FAE04EC0-301F-11D3-BF4B-00C04F79EFBC}") = "Assembly-CSharp", "Assembly-CSharp.csproj", "{8685C789-B7D5-389D-E821-6F69FFDED6B2}"
EndProject
Project("{FAE04EC0-301F-11D3-BF4B-00C04F79EFBC}") = "Boxophobic.Utils.Scripts", "Boxophobic.Utils.Scripts.csproj", "{30815538-D0E6-6198-2905-6BC686544FC7}"
EndProject
Project("{FAE04EC0-301F-11D3-BF4B-00C04F79EFBC}") = "Boxophobic.Utils.Editor", "Boxophobic.Utils.Editor.csproj", "{E7B084C0-4FA4-6F27-A4DE-0368FF231E1B}"
EndProject
Project("{FAE04EC0-301F-11D3-BF4B-00C04F79EFBC}") = "Boxophobic.SkyboxCubemapExtended.Editor", "Boxophobic.SkyboxCubemapExtended.Editor.csproj", "{286DEE93-1F8B-37F1-EABE-C9AAE1C54C12}"
EndProject
Global
	GlobalSection(SolutionConfigurationPlatforms) = preSolution
		Debug|Any CPU = Debug|Any CPU
		Release|Any CPU = Release|Any CPU
	EndGlobalSection
	GlobalSection(ProjectConfigurationPlatforms) = postSolution
		{8685C789-B7D5-389D-E821-6F69FFDED6B2}.Debug|Any CPU.ActiveCfg = Debug|Any CPU
		{8685C789-B7D5-389D-E821-6F69FFDED6B2}.Debug|Any CPU.Build.0 = Debug|Any CPU
		{8685C789-B7D5-389D-E821-6F69FFDED6B2}.Release|Any CPU.ActiveCfg = Release|Any CPU
		{8685C789-B7D5-389D-E821-6F69FFDED6B2}.Release|Any CPU.Build.0 = Release|Any CPU
		{30815538-D0E6-6198-2905-6BC686544FC7}.Debug|Any CPU.ActiveCfg = Debug|Any CPU
		{30815538-D0E6-6198-2905-6BC686544FC7}.Debug|Any CPU.Build.0 = Debug|Any CPU
		{30815538-D0E6-6198-2905-6BC686544FC7}.Release|Any CPU.ActiveCfg = Release|Any CPU
		{30815538-D0E6-6198-2905-6BC686544FC7}.Release|Any CPU.Build.0 = Release|Any CPU
		{E7B084C0-4FA4-6F27-A4DE-0368FF231E1B}.Debug|Any CPU.ActiveCfg = Debug|Any CPU
		{E7B084C0-4FA4-6F27-A4DE-0368FF231E1B}.Debug|Any CPU.Build.0 = Debug|Any CPU
		{E7B084C0-4FA4-6F27-A4DE-0368FF231E1B}.Release|Any CPU.ActiveCfg = Release|Any CPU
		{E7B084C0-4FA4-6F27-A4DE-0368FF231E1B}.Release|Any CPU.Build.0 = Release|Any CPU
		{286DEE93-1F8B-37F1-EABE-C9AAE1C54C12}.Debug|Any CPU.ActiveCfg = Debug|Any CPU
		{286DEE93-1F8B-37F1-EABE-C9AAE1C54C12}.Debug|Any CPU.Build.0 = Debug|Any CPU
		{286DEE93-1F8B-37F1-EABE-C9AAE1C54C12}.Release|Any CPU.ActiveCfg = Release|Any CPU
		{286DEE93-1F8B-37F1-EABE-C9AAE1C54C12}.Release|Any CPU.Build.0 = Release|Any CPU
	EndGlobalSection
	GlobalSection(SolutionProperties) = preSolution
		HideSolutionNode = FALSE
	EndGlobalSection
EndGlobal
